PODS:
  - device_info_plus (0.0.1):
    - Flutter
  - Flutter (1.0.0)
  - flutter_native_splash (0.0.1):
    - Flutter
  - flutter_nearby_connections (0.0.1):
    - Flutter
    - SwiftyJSON (~> 4.0)
  - isar_flutter_libs (1.0.0):
    - Flutter
  - path_provider_foundation (0.0.1):
    - Flutter
    - FlutterMacOS
  - SwiftyJSON (4.3.0)

DEPENDENCIES:
  - device_info_plus (from `.symlinks/plugins/device_info_plus/ios`)
  - Flutter (from `Flutter`)
  - flutter_native_splash (from `.symlinks/plugins/flutter_native_splash/ios`)
  - flutter_nearby_connections (from `.symlinks/plugins/flutter_nearby_connections/ios`)
  - isar_flutter_libs (from `.symlinks/plugins/isar_flutter_libs/ios`)
  - path_provider_foundation (from `.symlinks/plugins/path_provider_foundation/darwin`)

SPEC REPOS:
  trunk:
    - SwiftyJSON

EXTERNAL SOURCES:
  device_info_plus:
    :path: ".symlinks/plugins/device_info_plus/ios"
  Flutter:
    :path: Flutter
  flutter_native_splash:
    :path: ".symlinks/plugins/flutter_native_splash/ios"
  flutter_nearby_connections:
    :path: ".symlinks/plugins/flutter_nearby_connections/ios"
  isar_flutter_libs:
    :path: ".symlinks/plugins/isar_flutter_libs/ios"
  path_provider_foundation:
    :path: ".symlinks/plugins/path_provider_foundation/darwin"

SPEC CHECKSUMS:
  device_info_plus: c6fb39579d0f423935b0c9ce7ee2f44b71b9fce6
  Flutter: e0871f40cf51350855a761d2e70bf5af5b9b5de7
  flutter_native_splash: 52501b97d1c0a5f898d687f1646226c1f93c56ef
  flutter_nearby_connections: 68c6cb88dcbf781e74adac01f4e93b853a30ee34
  isar_flutter_libs: b69f437aeab9c521821c3f376198c4371fa21073
  path_provider_foundation: 3784922295ac71e43754bd15e0653ccfd36a147c
  SwiftyJSON: 6faa0040f8b59dead0ee07436cbf76b73c08fd08

PODFILE CHECKSUM: 819463e6a0290f5a72f145ba7cde16e8b6ef0796

COCOAPODS: 1.14.3
